// !$*UTF8*$!
{
	archiveVersion = 1;
	classes = {
	};
	objectVersion = 50;
	objects = {

/* Begin PBXBuildFile section */
		A40467A324AA310F007B244D /* PixabaySearch.swift in Sources */ = {isa = PBXBuildFile; fileRef = A40467A224AA310F007B244D /* PixabaySearch.swift */; };
		A40467A524AA3137007B244D /* SessionError.swift in Sources */ = {isa = PBXBuildFile; fileRef = A40467A424AA3137007B244D /* SessionError.swift */; };
		A40467A724AA31FC007B244D /* SessionResult.swift in Sources */ = {isa = PBXBuildFile; fileRef = A40467A624AA31FC007B244D /* SessionResult.swift */; };
		A40467AA24AA33B1007B244D /* PixabayImageInfo.swift in Sources */ = {isa = PBXBuildFile; fileRef = A40467A924AA33B1007B244D /* PixabayImageInfo.swift */; };
		A40467AC24AA34FB007B244D /* Globals.swift in Sources */ = {isa = PBXBuildFile; fileRef = A40467AB24AA34FB007B244D /* Globals.swift */; };
		A40467AE24AA91CA007B244D /* QueryResponse.swift in Sources */ = {isa = PBXBuildFile; fileRef = A40467AD24AA91CA007B244D /* QueryResponse.swift */; };
		A417F81B23A66239008B5390 /* pixabay.jpg in Resources */ = {isa = PBXBuildFile; fileRef = A417F81A23A66239008B5390 /* pixabay.jpg */; };
		A445CD8D239EF0A1000B2ED8 /* AppDelegate.swift in Sources */ = {isa = PBXBuildFile; fileRef = A445CD8C239EF0A1000B2ED8 /* AppDelegate.swift */; };
		A445CD8F239EF0A1000B2ED8 /* SceneDelegate.swift in Sources */ = {isa = PBXBuildFile; fileRef = A445CD8E239EF0A1000B2ED8 /* SceneDelegate.swift */; };
		A445CD97239EF0A1000B2ED8 /* PixabayViewer.xcdatamodeld in Sources */ = {isa = PBXBuildFile; fileRef = A445CD95239EF0A1000B2ED8 /* PixabayViewer.xcdatamodeld */; };
		A445CD99239EF0A2000B2ED8 /* Assets.xcassets in Resources */ = {isa = PBXBuildFile; fileRef = A445CD98239EF0A2000B2ED8 /* Assets.xcassets */; };
		A445CD9C239EF0A2000B2ED8 /* LaunchScreen.storyboard in Resources */ = {isa = PBXBuildFile; fileRef = A445CD9A239EF0A2000B2ED8 /* LaunchScreen.storyboard */; };
		A445CDA7239EF18E000B2ED8 /* ImageSearchViewController.swift in Sources */ = {isa = PBXBuildFile; fileRef = A445CDA6239EF18E000B2ED8 /* ImageSearchViewController.swift */; };
		A445CDB5239EF555000B2ED8 /* PixabayPhotoCell.swift in Sources */ = {isa = PBXBuildFile; fileRef = A445CDB4239EF555000B2ED8 /* PixabayPhotoCell.swift */; };
		A445CDB9239F04B6000B2ED8 /* Main.storyboard in Resources */ = {isa = PBXBuildFile; fileRef = A445CDB8239F04B6000B2ED8 /* Main.storyboard */; };
		A45AFB3123A414C600DB2FB7 /* Thumbnail+CoreDataClass.swift in Sources */ = {isa = PBXBuildFile; fileRef = A45AFB2D23A414C600DB2FB7 /* Thumbnail+CoreDataClass.swift */; };
		A45AFB3223A414C600DB2FB7 /* Thumbnail+CoreDataProperties.swift in Sources */ = {isa = PBXBuildFile; fileRef = A45AFB2E23A414C600DB2FB7 /* Thumbnail+CoreDataProperties.swift */; };
		A45AFB3323A414C600DB2FB7 /* FullSize+CoreDataClass.swift in Sources */ = {isa = PBXBuildFile; fileRef = A45AFB2F23A414C600DB2FB7 /* FullSize+CoreDataClass.swift */; };
		A45AFB3423A414C600DB2FB7 /* FullSize+CoreDataProperties.swift in Sources */ = {isa = PBXBuildFile; fileRef = A45AFB3023A414C600DB2FB7 /* FullSize+CoreDataProperties.swift */; };
		A467CA4923A6F0AF00CC945D /* SavingAndLoadingExtention.swift in Sources */ = {isa = PBXBuildFile; fileRef = A467CA4823A6F0AF00CC945D /* SavingAndLoadingExtention.swift */; };
		A47BBBE723A2ED3300266713 /* DetailViewController.swift in Sources */ = {isa = PBXBuildFile; fileRef = A47BBBE623A2ED3300266713 /* DetailViewController.swift */; };
		A47BBBEF23A2FB6E00266713 /* FullScreenPhotoCell.swift in Sources */ = {isa = PBXBuildFile; fileRef = A47BBBED23A2FB6E00266713 /* FullScreenPhotoCell.swift */; };
		A47BBBF023A2FB6E00266713 /* FullScreenPhotoCell.xib in Resources */ = {isa = PBXBuildFile; fileRef = A47BBBEE23A2FB6E00266713 /* FullScreenPhotoCell.xib */; };
		A496E7B524AB4A9300897A23 /* SearchVCCollectionView.swift in Sources */ = {isa = PBXBuildFile; fileRef = A496E7B424AB4A9300897A23 /* SearchVCCollectionView.swift */; };
		A496E7B824AB77D100897A23 /* PixabayImageItem.swift in Sources */ = {isa = PBXBuildFile; fileRef = A496E7B724AB77D100897A23 /* PixabayImageItem.swift */; };
		A4C2D66523A6757100FEC415 /* bigicon.jpg in Resources */ = {isa = PBXBuildFile; fileRef = A4C2D66423A6757100FEC415 /* bigicon.jpg */; };
		A4C2D66923A695A400FEC415 /* PixabayPhotoHeaderView.swift in Sources */ = {isa = PBXBuildFile; fileRef = A4C2D66823A695A400FEC415 /* PixabayPhotoHeaderView.swift */; };
		A4D2CA8724AB84DA0028BC42 /* AlertExtensions.swift in Sources */ = {isa = PBXBuildFile; fileRef = A4D2CA8624AB84DA0028BC42 /* AlertExtensions.swift */; };
/* End PBXBuildFile section */

/* Begin PBXFileReference section */
		A40467A224AA310F007B244D /* PixabaySearch.swift */ = {isa = PBXFileReference; lastKnownFileType = sourcecode.swift; path = PixabaySearch.swift; sourceTree = "<group>"; };
		A40467A424AA3137007B244D /* SessionError.swift */ = {isa = PBXFileReference; lastKnownFileType = sourcecode.swift; path = SessionError.swift; sourceTree = "<group>"; };
		A40467A624AA31FC007B244D /* SessionResult.swift */ = {isa = PBXFileReference; lastKnownFileType = sourcecode.swift; path = SessionResult.swift; sourceTree = "<group>"; };
		A40467A924AA33B1007B244D /* PixabayImageInfo.swift */ = {isa = PBXFileReference; lastKnownFileType = sourcecode.swift; path = PixabayImageInfo.swift; sourceTree = "<group>"; };
		A40467AB24AA34FB007B244D /* Globals.swift */ = {isa = PBXFileReference; lastKnownFileType = sourcecode.swift; path = Globals.swift; sourceTree = "<group>"; };
		A40467AD24AA91CA007B244D /* QueryResponse.swift */ = {isa = PBXFileReference; lastKnownFileType = sourcecode.swift; path = QueryResponse.swift; sourceTree = "<group>"; };
		A417F81A23A66239008B5390 /* pixabay.jpg */ = {isa = PBXFileReference; lastKnownFileType = image.jpeg; path = pixabay.jpg; sourceTree = "<group>"; };
		A445CD89239EF0A1000B2ED8 /* PixabayViewer.app */ = {isa = PBXFileReference; explicitFileType = wrapper.application; includeInIndex = 0; path = PixabayViewer.app; sourceTree = BUILT_PRODUCTS_DIR; };
		A445CD8C239EF0A1000B2ED8 /* AppDelegate.swift */ = {isa = PBXFileReference; lastKnownFileType = sourcecode.swift; path = AppDelegate.swift; sourceTree = "<group>"; };
		A445CD8E239EF0A1000B2ED8 /* SceneDelegate.swift */ = {isa = PBXFileReference; lastKnownFileType = sourcecode.swift; path = SceneDelegate.swift; sourceTree = "<group>"; };
		A445CD96239EF0A1000B2ED8 /* PixabayViewer.xcdatamodel */ = {isa = PBXFileReference; lastKnownFileType = wrapper.xcdatamodel; path = PixabayViewer.xcdatamodel; sourceTree = "<group>"; };
		A445CD98239EF0A2000B2ED8 /* Assets.xcassets */ = {isa = PBXFileReference; lastKnownFileType = folder.assetcatalog; path = Assets.xcassets; sourceTree = "<group>"; };
		A445CD9B239EF0A2000B2ED8 /* Base */ = {isa = PBXFileReference; lastKnownFileType = file.storyboard; name = Base; path = Base.lproj/LaunchScreen.storyboard; sourceTree = "<group>"; };
		A445CD9D239EF0A2000B2ED8 /* Info.plist */ = {isa = PBXFileReference; lastKnownFileType = text.plist.xml; path = Info.plist; sourceTree = "<group>"; };
		A445CDA6239EF18E000B2ED8 /* ImageSearchViewController.swift */ = {isa = PBXFileReference; lastKnownFileType = sourcecode.swift; path = ImageSearchViewController.swift; sourceTree = "<group>"; };
		A445CDB4239EF555000B2ED8 /* PixabayPhotoCell.swift */ = {isa = PBXFileReference; lastKnownFileType = sourcecode.swift; path = PixabayPhotoCell.swift; sourceTree = "<group>"; };
		A445CDB8239F04B6000B2ED8 /* Main.storyboard */ = {isa = PBXFileReference; lastKnownFileType = file.storyboard; path = Main.storyboard; sourceTree = "<group>"; };
		A45AFB2D23A414C600DB2FB7 /* Thumbnail+CoreDataClass.swift */ = {isa = PBXFileReference; lastKnownFileType = sourcecode.swift; path = "Thumbnail+CoreDataClass.swift"; sourceTree = "<group>"; };
		A45AFB2E23A414C600DB2FB7 /* Thumbnail+CoreDataProperties.swift */ = {isa = PBXFileReference; lastKnownFileType = sourcecode.swift; path = "Thumbnail+CoreDataProperties.swift"; sourceTree = "<group>"; };
		A45AFB2F23A414C600DB2FB7 /* FullSize+CoreDataClass.swift */ = {isa = PBXFileReference; lastKnownFileType = sourcecode.swift; path = "FullSize+CoreDataClass.swift"; sourceTree = "<group>"; };
		A45AFB3023A414C600DB2FB7 /* FullSize+CoreDataProperties.swift */ = {isa = PBXFileReference; lastKnownFileType = sourcecode.swift; path = "FullSize+CoreDataProperties.swift"; sourceTree = "<group>"; };
		A467CA4823A6F0AF00CC945D /* SavingAndLoadingExtention.swift */ = {isa = PBXFileReference; lastKnownFileType = sourcecode.swift; path = SavingAndLoadingExtention.swift; sourceTree = "<group>"; };
		A47BBBE623A2ED3300266713 /* DetailViewController.swift */ = {isa = PBXFileReference; fileEncoding = 4; lastKnownFileType = sourcecode.swift; path = DetailViewController.swift; sourceTree = "<group>"; };
		A47BBBED23A2FB6E00266713 /* FullScreenPhotoCell.swift */ = {isa = PBXFileReference; lastKnownFileType = sourcecode.swift; path = FullScreenPhotoCell.swift; sourceTree = "<group>"; };
		A47BBBEE23A2FB6E00266713 /* FullScreenPhotoCell.xib */ = {isa = PBXFileReference; lastKnownFileType = file.xib; path = FullScreenPhotoCell.xib; sourceTree = "<group>"; };
		A496E7B424AB4A9300897A23 /* SearchVCCollectionView.swift */ = {isa = PBXFileReference; lastKnownFileType = sourcecode.swift; path = SearchVCCollectionView.swift; sourceTree = "<group>"; };
		A496E7B724AB77D100897A23 /* PixabayImageItem.swift */ = {isa = PBXFileReference; lastKnownFileType = sourcecode.swift; path = PixabayImageItem.swift; sourceTree = "<group>"; };
		A4C2D66423A6757100FEC415 /* bigicon.jpg */ = {isa = PBXFileReference; lastKnownFileType = image.jpeg; path = bigicon.jpg; sourceTree = "<group>"; };
		A4C2D66823A695A400FEC415 /* PixabayPhotoHeaderView.swift */ = {isa = PBXFileReference; lastKnownFileType = sourcecode.swift; path = PixabayPhotoHeaderView.swift; sourceTree = "<group>"; };
		A4D2CA8624AB84DA0028BC42 /* AlertExtensions.swift */ = {isa = PBXFileReference; lastKnownFileType = sourcecode.swift; path = AlertExtensions.swift; sourceTree = "<group>"; };
/* End PBXFileReference section */

/* Begin PBXFrameworksBuildPhase section */
		A445CD86239EF0A1000B2ED8 /* Frameworks */ = {
			isa = PBXFrameworksBuildPhase;
			buildActionMask = 2147483647;
			files = (
			);
			runOnlyForDeploymentPostprocessing = 0;
		};
/* End PBXFrameworksBuildPhase section */

/* Begin PBXGroup section */
		A40467A024AA2D6D007B244D /* Assets */ = {
			isa = PBXGroup;
			children = (
				A417F81A23A66239008B5390 /* pixabay.jpg */,
				A4C2D66423A6757100FEC415 /* bigicon.jpg */,
			);
			path = Assets;
			sourceTree = "<group>";
		};
		A40467A124AA30D1007B244D /* Server */ = {
			isa = PBXGroup;
			children = (
				A40467A224AA310F007B244D /* PixabaySearch.swift */,
				A40467A424AA3137007B244D /* SessionError.swift */,
				A40467A624AA31FC007B244D /* SessionResult.swift */,
			);
			path = Server;
			sourceTree = "<group>";
		};
		A40467A824AA339A007B244D /* Models */ = {
			isa = PBXGroup;
			children = (
				A40467AB24AA34FB007B244D /* Globals.swift */,
				A40467A924AA33B1007B244D /* PixabayImageInfo.swift */,
				A496E7B724AB77D100897A23 /* PixabayImageItem.swift */,
				A40467AD24AA91CA007B244D /* QueryResponse.swift */,
			);
			path = Models;
			sourceTree = "<group>";
		};
		A445CD80239EF0A1000B2ED8 = {
			isa = PBXGroup;
			children = (
				A445CD8B239EF0A1000B2ED8 /* PixabayViewer */,
				A445CD8A239EF0A1000B2ED8 /* Products */,
			);
			sourceTree = "<group>";
		};
		A445CD8A239EF0A1000B2ED8 /* Products */ = {
			isa = PBXGroup;
			children = (
				A445CD89239EF0A1000B2ED8 /* PixabayViewer.app */,
			);
			name = Products;
			sourceTree = "<group>";
		};
		A445CD8B239EF0A1000B2ED8 /* PixabayViewer */ = {
			isa = PBXGroup;
			children = (
				A40467A824AA339A007B244D /* Models */,
				A40467A124AA30D1007B244D /* Server */,
				A445CDA5239EF117000B2ED8 /* View */,
				A445CDA8239EF19E000B2ED8 /* Controllers */,
				A467CA4A23A6F1AC00CC945D /* Extensions */,
				A45AFB3523A414D500DB2FB7 /* CoreData */,
				A445CDA3239EF0B3000B2ED8 /* AppDelegates */,
				A445CD9D239EF0A2000B2ED8 /* Info.plist */,
				A445CD98239EF0A2000B2ED8 /* Assets.xcassets */,
				A40467A024AA2D6D007B244D /* Assets */,
			);
			path = PixabayViewer;
			sourceTree = "<group>";
		};
		A445CDA3239EF0B3000B2ED8 /* AppDelegates */ = {
			isa = PBXGroup;
			children = (
				A445CD8C239EF0A1000B2ED8 /* AppDelegate.swift */,
				A445CD8E239EF0A1000B2ED8 /* SceneDelegate.swift */,
			);
			path = AppDelegates;
			sourceTree = "<group>";
		};
		A445CDA5239EF117000B2ED8 /* View */ = {
			isa = PBXGroup;
			children = (
				A47BBBE823A2EFDE00266713 /* Cells */,
				A445CD9A239EF0A2000B2ED8 /* LaunchScreen.storyboard */,
				A445CDB8239F04B6000B2ED8 /* Main.storyboard */,
				A4C2D66823A695A400FEC415 /* PixabayPhotoHeaderView.swift */,
			);
			path = View;
			sourceTree = "<group>";
		};
		A445CDA8239EF19E000B2ED8 /* Controllers */ = {
			isa = PBXGroup;
			children = (
				A496E7B624AB4AC300897A23 /* ImageSearchVC */,
				A47BBBE623A2ED3300266713 /* DetailViewController.swift */,
			);
			path = Controllers;
			sourceTree = "<group>";
		};
		A45AFB3523A414D500DB2FB7 /* CoreData */ = {
			isa = PBXGroup;
			children = (
				A445CD95239EF0A1000B2ED8 /* PixabayViewer.xcdatamodeld */,
				A45AFB2D23A414C600DB2FB7 /* Thumbnail+CoreDataClass.swift */,
				A45AFB2E23A414C600DB2FB7 /* Thumbnail+CoreDataProperties.swift */,
				A45AFB2F23A414C600DB2FB7 /* FullSize+CoreDataClass.swift */,
				A45AFB3023A414C600DB2FB7 /* FullSize+CoreDataProperties.swift */,
			);
			path = CoreData;
			sourceTree = "<group>";
		};
		A467CA4A23A6F1AC00CC945D /* Extensions */ = {
			isa = PBXGroup;
			children = (
				A467CA4823A6F0AF00CC945D /* SavingAndLoadingExtention.swift */,
				A4D2CA8624AB84DA0028BC42 /* AlertExtensions.swift */,
			);
			path = Extensions;
			sourceTree = "<group>";
		};
		A47BBBE823A2EFDE00266713 /* Cells */ = {
			isa = PBXGroup;
			children = (
				A445CDB4239EF555000B2ED8 /* PixabayPhotoCell.swift */,
				A47BBBED23A2FB6E00266713 /* FullScreenPhotoCell.swift */,
				A47BBBEE23A2FB6E00266713 /* FullScreenPhotoCell.xib */,
			);
			path = Cells;
			sourceTree = "<group>";
		};
		A496E7B624AB4AC300897A23 /* ImageSearchVC */ = {
			isa = PBXGroup;
			children = (
				A445CDA6239EF18E000B2ED8 /* ImageSearchViewController.swift */,
				A496E7B424AB4A9300897A23 /* SearchVCCollectionView.swift */,
			);
			path = ImageSearchVC;
			sourceTree = "<group>";
		};
/* End PBXGroup section */

/* Begin PBXNativeTarget section */
		A445CD88239EF0A1000B2ED8 /* PixabayViewer */ = {
			isa = PBXNativeTarget;
			buildConfigurationList = A445CDA0239EF0A2000B2ED8 /* Build configuration list for PBXNativeTarget "PixabayViewer" */;
			buildPhases = (
				A445CD85239EF0A1000B2ED8 /* Sources */,
				A445CD86239EF0A1000B2ED8 /* Frameworks */,
				A445CD87239EF0A1000B2ED8 /* Resources */,
			);
			buildRules = (
			);
			dependencies = (
			);
			name = PixabayViewer;
			productName = PixabayViewer;
			productReference = A445CD89239EF0A1000B2ED8 /* PixabayViewer.app */;
			productType = "com.apple.product-type.application";
		};
/* End PBXNativeTarget section */

/* Begin PBXProject section */
		A445CD81239EF0A1000B2ED8 /* Project object */ = {
			isa = PBXProject;
			attributes = {
				LastSwiftUpdateCheck = 1120;
				LastUpgradeCheck = 1120;
				ORGANIZATIONNAME = "Владислав";
				TargetAttributes = {
					A445CD88239EF0A1000B2ED8 = {
						CreatedOnToolsVersion = 11.2.1;
					};
				};
			};
			buildConfigurationList = A445CD84239EF0A1000B2ED8 /* Build configuration list for PBXProject "PixabayViewer" */;
			compatibilityVersion = "Xcode 9.3";
			developmentRegion = en;
			hasScannedForEncodings = 0;
			knownRegions = (
				en,
				Base,
			);
			mainGroup = A445CD80239EF0A1000B2ED8;
			productRefGroup = A445CD8A239EF0A1000B2ED8 /* Products */;
			projectDirPath = "";
			projectRoot = "";
			targets = (
				A445CD88239EF0A1000B2ED8 /* PixabayViewer */,
			);
		};
/* End PBXProject section */

/* Begin PBXResourcesBuildPhase section */
		A445CD87239EF0A1000B2ED8 /* Resources */ = {
			isa = PBXResourcesBuildPhase;
			buildActionMask = 2147483647;
			files = (
				A445CDB9239F04B6000B2ED8 /* Main.storyboard in Resources */,
				A47BBBF023A2FB6E00266713 /* FullScreenPhotoCell.xib in Resources */,
				A417F81B23A66239008B5390 /* pixabay.jpg in Resources */,
				A445CD9C239EF0A2000B2ED8 /* LaunchScreen.storyboard in Resources */,
				A445CD99239EF0A2000B2ED8 /* Assets.xcassets in Resources */,
				A4C2D66523A6757100FEC415 /* bigicon.jpg in Resources */,
			);
			runOnlyForDeploymentPostprocessing = 0;
		};
/* End PBXResourcesBuildPhase section */

/* Begin PBXSourcesBuildPhase section */
		A445CD85239EF0A1000B2ED8 /* Sources */ = {
			isa = PBXSourcesBuildPhase;
			buildActionMask = 2147483647;
			files = (
				A45AFB3123A414C600DB2FB7 /* Thumbnail+CoreDataClass.swift in Sources */,
				A445CDB5239EF555000B2ED8 /* PixabayPhotoCell.swift in Sources */,
				A467CA4923A6F0AF00CC945D /* SavingAndLoadingExtention.swift in Sources */,
				A445CD8D239EF0A1000B2ED8 /* AppDelegate.swift in Sources */,
				A4D2CA8724AB84DA0028BC42 /* AlertExtensions.swift in Sources */,
				A4C2D66923A695A400FEC415 /* PixabayPhotoHeaderView.swift in Sources */,
				A40467A724AA31FC007B244D /* SessionResult.swift in Sources */,
				A45AFB3223A414C600DB2FB7 /* Thumbnail+CoreDataProperties.swift in Sources */,
				A47BBBEF23A2FB6E00266713 /* FullScreenPhotoCell.swift in Sources */,
				A40467A524AA3137007B244D /* SessionError.swift in Sources */,
				A496E7B824AB77D100897A23 /* PixabayImageItem.swift in Sources */,
				A445CD97239EF0A1000B2ED8 /* PixabayViewer.xcdatamodeld in Sources */,
				A47BBBE723A2ED3300266713 /* DetailViewController.swift in Sources */,
				A40467AE24AA91CA007B244D /* QueryResponse.swift in Sources */,
				A45AFB3423A414C600DB2FB7 /* FullSize+CoreDataProperties.swift in Sources */,
				A496E7B524AB4A9300897A23 /* SearchVCCollectionView.swift in Sources */,
				A40467A324AA310F007B244D /* PixabaySearch.swift in Sources */,
				A445CDA7239EF18E000B2ED8 /* ImageSearchViewController.swift in Sources */,
				A40467AC24AA34FB007B244D /* Globals.swift in Sources */,
				A40467AA24AA33B1007B244D /* PixabayImageInfo.swift in Sources */,
				A445CD8F239EF0A1000B2ED8 /* SceneDelegate.swift in Sources */,
				A45AFB3323A414C600DB2FB7 /* FullSize+CoreDataClass.swift in Sources */,
			);
			runOnlyForDeploymentPostprocessing = 0;
		};
/* End PBXSourcesBuildPhase section */

/* Begin PBXVariantGroup section */
		A445CD9A239EF0A2000B2ED8 /* LaunchScreen.storyboard */ = {
			isa = PBXVariantGroup;
			children = (
				A445CD9B239EF0A2000B2ED8 /* Base */,
			);
			name = LaunchScreen.storyboard;
			sourceTree = "<group>";
		};
/* End PBXVariantGroup section */

/* Begin XCBuildConfiguration section */
		A445CD9E239EF0A2000B2ED8 /* Debug */ = {
			isa = XCBuildConfiguration;
			buildSettings = {
				ALWAYS_SEARCH_USER_PATHS = NO;
				CLANG_ANALYZER_NONNULL = YES;
				CLANG_ANALYZER_NUMBER_OBJECT_CONVERSION = YES_AGGRESSIVE;
				CLANG_CXX_LANGUAGE_STANDARD = "gnu++14";
				CLANG_CXX_LIBRARY = "libc++";
				CLANG_ENABLE_MODULES = YES;
				CLANG_ENABLE_OBJC_ARC = YES;
				CLANG_ENABLE_OBJC_WEAK = YES;
				CLANG_WARN_BLOCK_CAPTURE_AUTORELEASING = YES;
				CLANG_WARN_BOOL_CONVERSION = YES;
				CLANG_WARN_COMMA = YES;
				CLANG_WARN_CONSTANT_CONVERSION = YES;
				CLANG_WARN_DEPRECATED_OBJC_IMPLEMENTATIONS = YES;
				CLANG_WARN_DIRECT_OBJC_ISA_USAGE = YES_ERROR;
				CLANG_WARN_DOCUMENTATION_COMMENTS = YES;
				CLANG_WARN_EMPTY_BODY = YES;
				CLANG_WARN_ENUM_CONVERSION = YES;
				CLANG_WARN_INFINITE_RECURSION = YES;
				CLANG_WARN_INT_CONVERSION = YES;
				CLANG_WARN_NON_LITERAL_NULL_CONVERSION = YES;
				CLANG_WARN_OBJC_IMPLICIT_RETAIN_SELF = YES;
				CLANG_WARN_OBJC_LITERAL_CONVERSION = YES;
				CLANG_WARN_OBJC_ROOT_CLASS = YES_ERROR;
				CLANG_WARN_RANGE_LOOP_ANALYSIS = YES;
				CLANG_WARN_STRICT_PROTOTYPES = YES;
				CLANG_WARN_SUSPICIOUS_MOVE = YES;
				CLANG_WARN_UNGUARDED_AVAILABILITY = YES_AGGRESSIVE;
				CLANG_WARN_UNREACHABLE_CODE = YES;
				CLANG_WARN__DUPLICATE_METHOD_MATCH = YES;
				COPY_PHASE_STRIP = NO;
				DEBUG_INFORMATION_FORMAT = dwarf;
				ENABLE_STRICT_OBJC_MSGSEND = YES;
				ENABLE_TESTABILITY = YES;
				GCC_C_LANGUAGE_STANDARD = gnu11;
				GCC_DYNAMIC_NO_PIC = NO;
				GCC_NO_COMMON_BLOCKS = YES;
				GCC_OPTIMIZATION_LEVEL = 0;
				GCC_PREPROCESSOR_DEFINITIONS = (
					"DEBUG=1",
					"$(inherited)",
				);
				GCC_WARN_64_TO_32_BIT_CONVERSION = YES;
				GCC_WARN_ABOUT_RETURN_TYPE = YES_ERROR;
				GCC_WARN_UNDECLARED_SELECTOR = YES;
				GCC_WARN_UNINITIALIZED_AUTOS = YES_AGGRESSIVE;
				GCC_WARN_UNUSED_FUNCTION = YES;
				GCC_WARN_UNUSED_VARIABLE = YES;
				IPHONEOS_DEPLOYMENT_TARGET = 13.2;
				MTL_ENABLE_DEBUG_INFO = INCLUDE_SOURCE;
				MTL_FAST_MATH = YES;
				ONLY_ACTIVE_ARCH = YES;
				SDKROOT = iphoneos;
				SWIFT_ACTIVE_COMPILATION_CONDITIONS = DEBUG;
				SWIFT_OPTIMIZATION_LEVEL = "-Onone";
			};
			name = Debug;
		};
		A445CD9F239EF0A2000B2ED8 /* Release */ = {
			isa = XCBuildConfiguration;
			buildSettings = {
				ALWAYS_SEARCH_USER_PATHS = NO;
				CLANG_ANALYZER_NONNULL = YES;
				CLANG_ANALYZER_NUMBER_OBJECT_CONVERSION = YES_AGGRESSIVE;
				CLANG_CXX_LANGUAGE_STANDARD = "gnu++14";
				CLANG_CXX_LIBRARY = "libc++";
				CLANG_ENABLE_MODULES = YES;
				CLANG_ENABLE_OBJC_ARC = YES;
				CLANG_ENABLE_OBJC_WEAK = YES;
				CLANG_WARN_BLOCK_CAPTURE_AUTORELEASING = YES;
				CLANG_WARN_BOOL_CONVERSION = YES;
				CLANG_WARN_COMMA = YES;
				CLANG_WARN_CONSTANT_CONVERSION = YES;
				CLANG_WARN_DEPRECATED_OBJC_IMPLEMENTATIONS = YES;
				CLANG_WARN_DIRECT_OBJC_ISA_USAGE = YES_ERROR;
				CLANG_WARN_DOCUMENTATION_COMMENTS = YES;
				CLANG_WARN_EMPTY_BODY = YES;
				CLANG_WARN_ENUM_CONVERSION = YES;
				CLANG_WARN_INFINITE_RECURSION = YES;
				CLANG_WARN_INT_CONVERSION = YES;
				CLANG_WARN_NON_LITERAL_NULL_CONVERSION = YES;
				CLANG_WARN_OBJC_IMPLICIT_RETAIN_SELF = YES;
				CLANG_WARN_OBJC_LITERAL_CONVERSION = YES;
				CLANG_WARN_OBJC_ROOT_CLASS = YES_ERROR;
				CLANG_WARN_RANGE_LOOP_ANALYSIS = YES;
				CLANG_WARN_STRICT_PROTOTYPES = YES;
				CLANG_WARN_SUSPICIOUS_MOVE = YES;
				CLANG_WARN_UNGUARDED_AVAILABILITY = YES_AGGRESSIVE;
				CLANG_WARN_UNREACHABLE_CODE = YES;
				CLANG_WARN__DUPLICATE_METHOD_MATCH = YES;
				COPY_PHASE_STRIP = NO;
				DEBUG_INFORMATION_FORMAT = "dwarf-with-dsym";
				ENABLE_NS_ASSERTIONS = NO;
				ENABLE_STRICT_OBJC_MSGSEND = YES;
				GCC_C_LANGUAGE_STANDARD = gnu11;
				GCC_NO_COMMON_BLOCKS = YES;
				GCC_WARN_64_TO_32_BIT_CONVERSION = YES;
				GCC_WARN_ABOUT_RETURN_TYPE = YES_ERROR;
				GCC_WARN_UNDECLARED_SELECTOR = YES;
				GCC_WARN_UNINITIALIZED_AUTOS = YES_AGGRESSIVE;
				GCC_WARN_UNUSED_FUNCTION = YES;
				GCC_WARN_UNUSED_VARIABLE = YES;
				IPHONEOS_DEPLOYMENT_TARGET = 13.2;
				MTL_ENABLE_DEBUG_INFO = NO;
				MTL_FAST_MATH = YES;
				SDKROOT = iphoneos;
				SWIFT_COMPILATION_MODE = wholemodule;
				SWIFT_OPTIMIZATION_LEVEL = "-O";
				VALIDATE_PRODUCT = YES;
			};
			name = Release;
		};
		A445CDA1239EF0A2000B2ED8 /* Debug */ = {
			isa = XCBuildConfiguration;
			buildSettings = {
				ASSETCATALOG_COMPILER_APPICON_NAME = AppIcon;
				CODE_SIGN_STYLE = Automatic;
				DEVELOPMENT_TEAM = N8U99CLXJ5;
				INFOPLIST_FILE = PixabayViewer/Info.plist;
				LD_RUNPATH_SEARCH_PATHS = (
					"$(inherited)",
					"@executable_path/Frameworks",
				);
				PRODUCT_BUNDLE_IDENTIFIER = pycak.PixabayViewer;
				PRODUCT_NAME = "$(TARGET_NAME)";
				SWIFT_VERSION = 5.0;
				TARGETED_DEVICE_FAMILY = "1,2";
			};
			name = Debug;
		};
		A445CDA2239EF0A2000B2ED8 /* Release */ = {
			isa = XCBuildConfiguration;
			buildSettings = {
				ASSETCATALOG_COMPILER_APPICON_NAME = AppIcon;
				CODE_SIGN_STYLE = Automatic;
				DEVELOPMENT_TEAM = N8U99CLXJ5;
				INFOPLIST_FILE = PixabayViewer/Info.plist;
				LD_RUNPATH_SEARCH_PATHS = (
					"$(inherited)",
					"@executable_path/Frameworks",
				);
				PRODUCT_BUNDLE_IDENTIFIER = pycak.PixabayViewer;
				PRODUCT_NAME = "$(TARGET_NAME)";
				SWIFT_VERSION = 5.0;
				TARGETED_DEVICE_FAMILY = "1,2";
			};
			name = Release;
		};
/* End XCBuildConfiguration section */

/* Begin XCConfigurationList section */
		A445CD84239EF0A1000B2ED8 /* Build configuration list for PBXProject "PixabayViewer" */ = {
			isa = XCConfigurationList;
			buildConfigurations = (
				A445CD9E239EF0A2000B2ED8 /* Debug */,
				A445CD9F239EF0A2000B2ED8 /* Release */,
			);
			defaultConfigurationIsVisible = 0;
			defaultConfigurationName = Release;
		};
		A445CDA0239EF0A2000B2ED8 /* Build configuration list for PBXNativeTarget "PixabayViewer" */ = {
			isa = XCConfigurationList;
			buildConfigurations = (
				A445CDA1239EF0A2000B2ED8 /* Debug */,
				A445CDA2239EF0A2000B2ED8 /* Release */,
			);
			defaultConfigurationIsVisible = 0;
			defaultConfigurationName = Release;
		};
/* End XCConfigurationList section */

/* Begin XCVersionGroup section */
		A445CD95239EF0A1000B2ED8 /* PixabayViewer.xcdatamodeld */ = {
			isa = XCVersionGroup;
			children = (
				A445CD96239EF0A1000B2ED8 /* PixabayViewer.xcdatamodel */,
			);
			currentVersion = A445CD96239EF0A1000B2ED8 /* PixabayViewer.xcdatamodel */;
			path = PixabayViewer.xcdatamodeld;
			sourceTree = "<group>";
			versionGroupType = wrapper.xcdatamodel;
		};
/* End XCVersionGroup section */
	};
	rootObject = A445CD81239EF0A1000B2ED8 /* Project object */;
}
